
Microsoft Visual Studio Solution File, Format Version 12.00
Project("{FAE04EC0-301F-11D3-BF4B-00C04F79EFBC}") = "Analyze", "Analyze\Analyze.csproj", "{1E09A312-9ED2-4CE6-B22E-2E02842E0F66}"
EndProject
Project("{FAE04EC0-301F-11D3-BF4B-00C04F79EFBC}") = "Analyze.Application", "Analyze.Application\Analyze.Application.csproj", "{DC975653-38CB-44A0-956C-C1CAE40BE1EB}"
EndProject
Project("{FAE04EC0-301F-11D3-BF4B-00C04F79EFBC}") = "Analyze.Presentation", "Analyze.Presentation\Analyze.Presentation.csproj", "{FF7BB056-6804-45E8-8868-360FFE9662BA}"
EndProject
Global
	GlobalSection(SolutionConfigurationPlatforms) = preSolution
		Debug|Any CPU = Debug|Any CPU
		Release|Any CPU = Release|Any CPU
	EndGlobalSection
	GlobalSection(ProjectConfigurationPlatforms) = postSolution
		{1E09A312-9ED2-4CE6-B22E-2E02842E0F66}.Debug|Any CPU.ActiveCfg = Debug|Any CPU
		{1E09A312-9ED2-4CE6-B22E-2E02842E0F66}.Debug|Any CPU.Build.0 = Debug|Any CPU
		{1E09A312-9ED2-4CE6-B22E-2E02842E0F66}.Release|Any CPU.ActiveCfg = Release|Any CPU
		{1E09A312-9ED2-4CE6-B22E-2E02842E0F66}.Release|Any CPU.Build.0 = Release|Any CPU
		{DC975653-38CB-44A0-956C-C1CAE40BE1EB}.Debug|Any CPU.ActiveCfg = Debug|Any CPU
		{DC975653-38CB-44A0-956C-C1CAE40BE1EB}.Debug|Any CPU.Build.0 = Debug|Any CPU
		{DC975653-38CB-44A0-956C-C1CAE40BE1EB}.Release|Any CPU.ActiveCfg = Release|Any CPU
		{DC975653-38CB-44A0-956C-C1CAE40BE1EB}.Release|Any CPU.Build.0 = Release|Any CPU
		{FF7BB056-6804-45E8-8868-360FFE9662BA}.Debug|Any CPU.ActiveCfg = Debug|Any CPU
		{FF7BB056-6804-45E8-8868-360FFE9662BA}.Debug|Any CPU.Build.0 = Debug|Any CPU
		{FF7BB056-6804-45E8-8868-360FFE9662BA}.Release|Any CPU.ActiveCfg = Release|Any CPU
		{FF7BB056-6804-45E8-8868-360FFE9662BA}.Release|Any CPU.Build.0 = Release|Any CPU
	EndGlobalSection
EndGlobal
